
Microsoft Visual Studio Solution File, Format Version 12.00
# Visual Studio Version 16
VisualStudioVersion = 16.0.31729.503
MinimumVisualStudioVersion = 10.0.40219.1
Project("{FAE04EC0-301F-11D3-BF4B-00C04F79EFBC}") = "Test_Sefer_Seyahat", "Test_Sefer_Seyahat\Test_Sefer_Seyahat.csproj", "{EC14ABF0-F3E7-4961-B940-3142E1BE1810}"
EndProject
Global
	GlobalSection(SolutionConfigurationPlatforms) = preSolution
		Debug|Any CPU = Debug|Any CPU
		Release|Any CPU = Release|Any CPU
	EndGlobalSection
	GlobalSection(ProjectConfigurationPlatforms) = postSolution
		{EC14ABF0-F3E7-4961-B940-3142E1BE1810}.Debug|Any CPU.ActiveCfg = Debug|Any CPU
		{EC14ABF0-F3E7-4961-B940-3142E1BE1810}.Debug|Any CPU.Build.0 = Debug|Any CPU
		{EC14ABF0-F3E7-4961-B940-3142E1BE1810}.Release|Any CPU.ActiveCfg = Release|Any CPU
		{EC14ABF0-F3E7-4961-B940-3142E1BE1810}.Release|Any CPU.Build.0 = Release|Any CPU
	EndGlobalSection
	GlobalSection(SolutionProperties) = preSolution
		HideSolutionNode = FALSE
	EndGlobalSection
	GlobalSection(ExtensibilityGlobals) = postSolution
		SolutionGuid = {5EFE93E3-4A93-49AE-BD47-1AD9E890A00B}
	EndGlobalSection
EndGlobal
